// !$*UTF8*$!
{
	archiveVersion = 1;
	classes = {
	};
	objectVersion = 51;
	objects = {

/* Begin PBXBuildFile section */
		417FE8872837B1AC00FF5E16 /* FavouriteDB.swift in Sources */ = {isa = PBXBuildFile; fileRef = 417FE8842837B1AC00FF5E16 /* FavouriteDB.swift */; };
		417FE8882837B1AC00FF5E16 /* FavouriteLeague.swift in Sources */ = {isa = PBXBuildFile; fileRef = 417FE8852837B1AC00FF5E16 /* FavouriteLeague.swift */; };
		417FE8892837B1AC00FF5E16 /* ConverterDB.swift in Sources */ = {isa = PBXBuildFile; fileRef = 417FE8862837B1AC00FF5E16 /* ConverterDB.swift */; };
		4195806B283811BC00C91B8F /* DetailsLeaguesPresenter.swift in Sources */ = {isa = PBXBuildFile; fileRef = 4195806A283811BC00C91B8F /* DetailsLeaguesPresenter.swift */; };
		41A0E0022837EFD500C732BA /* LatestCollectionViewCell.swift in Sources */ = {isa = PBXBuildFile; fileRef = 41A0E0012837EFD500C732BA /* LatestCollectionViewCell.swift */; };
		41A0E0042837EFF100C732BA /* TeamsCollectionViewCell.swift in Sources */ = {isa = PBXBuildFile; fileRef = 41A0E0032837EFF100C732BA /* TeamsCollectionViewCell.swift */; };
		41A2239D2835709F00D31FAE /* AllLeaguesPresenter.swift in Sources */ = {isa = PBXBuildFile; fileRef = 41A2239C2835709F00D31FAE /* AllLeaguesPresenter.swift */; };
		41BEA60C2835B7F900D4BF6F /* DetailsLeagueViewController.swift in Sources */ = {isa = PBXBuildFile; fileRef = 41BEA60B2835B7F900D4BF6F /* DetailsLeagueViewController.swift */; };
		41BEA6112835C26B00D4BF6F /* UpComingCollectionViewCell.swift in Sources */ = {isa = PBXBuildFile; fileRef = 41BEA6102835C26B00D4BF6F /* UpComingCollectionViewCell.swift */; };
		504032BB28335278005837F6 /* CoreDataService.swift in Sources */ = {isa = PBXBuildFile; fileRef = 504032BA28335278005837F6 /* CoreDataService.swift */; };
		504032C128335D89005837F6 /* CoreDataManger.swift in Sources */ = {isa = PBXBuildFile; fileRef = 504032C028335D89005837F6 /* CoreDataManger.swift */; };
		8E2B309D28328AC800AA48D0 /* ApiProtocols.swift in Sources */ = {isa = PBXBuildFile; fileRef = 8E2B309C28328AC800AA48D0 /* ApiProtocols.swift */; };
		8E2B30A828328F9F00AA48D0 /* Items.swift in Sources */ = {isa = PBXBuildFile; fileRef = 8E2B309F28328F9F00AA48D0 /* Items.swift */; };
		8E2B30A928328F9F00AA48D0 /* Id.swift in Sources */ = {isa = PBXBuildFile; fileRef = 8E2B30A028328F9F00AA48D0 /* Id.swift */; };
		8E2B30AA28328F9F00AA48D0 /* Snippet.swift in Sources */ = {isa = PBXBuildFile; fileRef = 8E2B30A128328F9F00AA48D0 /* Snippet.swift */; };
		8E2B30AB28328F9F00AA48D0 /* Default.swift in Sources */ = {isa = PBXBuildFile; fileRef = 8E2B30A228328F9F00AA48D0 /* Default.swift */; };
		8E2B30AC28328F9F00AA48D0 /* High.swift in Sources */ = {isa = PBXBuildFile; fileRef = 8E2B30A328328F9F00AA48D0 /* High.swift */; };
		8E2B30AD28328F9F00AA48D0 /* YoutubeSearchListResponse.swift in Sources */ = {isa = PBXBuildFile; fileRef = 8E2B30A428328F9F00AA48D0 /* YoutubeSearchListResponse.swift */; };
		8E2B30AE28328F9F00AA48D0 /* PageInfo.swift in Sources */ = {isa = PBXBuildFile; fileRef = 8E2B30A528328F9F00AA48D0 /* PageInfo.swift */; };
		8E2B30AF28328F9F00AA48D0 /* Thumbnails.swift in Sources */ = {isa = PBXBuildFile; fileRef = 8E2B30A628328F9F00AA48D0 /* Thumbnails.swift */; };
		8E2B30B028328F9F00AA48D0 /* Medium.swift in Sources */ = {isa = PBXBuildFile; fileRef = 8E2B30A728328F9F00AA48D0 /* Medium.swift */; };
		8E2B30B4283299E200AA48D0 /* YoutubeRemoteSource.swift in Sources */ = {isa = PBXBuildFile; fileRef = 8E2B30B3283299E200AA48D0 /* YoutubeRemoteSource.swift */; };
		8E2B30B728329A0F00AA48D0 /* YoutubeProtocols.swift in Sources */ = {isa = PBXBuildFile; fileRef = 8E2B30B628329A0F00AA48D0 /* YoutubeProtocols.swift */; };
		8E2C10A92831A33200C13BA0 /* AppDelegate.swift in Sources */ = {isa = PBXBuildFile; fileRef = 8E2C10A82831A33200C13BA0 /* AppDelegate.swift */; };
		8E2C10AB2831A33200C13BA0 /* SceneDelegate.swift in Sources */ = {isa = PBXBuildFile; fileRef = 8E2C10AA2831A33200C13BA0 /* SceneDelegate.swift */; };
		8E2C10AD2831A33200C13BA0 /* ViewController.swift in Sources */ = {isa = PBXBuildFile; fileRef = 8E2C10AC2831A33200C13BA0 /* ViewController.swift */; };
		8E2C10B02831A33200C13BA0 /* Main.storyboard in Resources */ = {isa = PBXBuildFile; fileRef = 8E2C10AE2831A33200C13BA0 /* Main.storyboard */; };
		8E2C10B32831A33200C13BA0 /* SportsApp.xcdatamodeld in Sources */ = {isa = PBXBuildFile; fileRef = 8E2C10B12831A33200C13BA0 /* SportsApp.xcdatamodeld */; };
		8E2C10B52831A33400C13BA0 /* Assets.xcassets in Resources */ = {isa = PBXBuildFile; fileRef = 8E2C10B42831A33400C13BA0 /* Assets.xcassets */; };
		8E2C10B82831A33400C13BA0 /* LaunchScreen.storyboard in Resources */ = {isa = PBXBuildFile; fileRef = 8E2C10B62831A33400C13BA0 /* LaunchScreen.storyboard */; };
		8E2C10C32831A33400C13BA0 /* SportsAppTests.swift in Sources */ = {isa = PBXBuildFile; fileRef = 8E2C10C22831A33400C13BA0 /* SportsAppTests.swift */; };
		8E2C11272831B74B00C13BA0 /* ApiBaseSource.swift in Sources */ = {isa = PBXBuildFile; fileRef = 8E2C110C2831B74B00C13BA0 /* ApiBaseSource.swift */; };
		8E2C11282831B74B00C13BA0 /* RemoteSource.swift in Sources */ = {isa = PBXBuildFile; fileRef = 8E2C110D2831B74B00C13BA0 /* RemoteSource.swift */; };
		8E2C11292831B74B00C13BA0 /* URLs.swift in Sources */ = {isa = PBXBuildFile; fileRef = 8E2C110E2831B74B00C13BA0 /* URLs.swift */; };
		8E2C112A2831B74B00C13BA0 /* Repo.swift in Sources */ = {isa = PBXBuildFile; fileRef = 8E2C11102831B74B00C13BA0 /* Repo.swift */; };
		8E2C112B2831B74B00C13BA0 /* Table.swift in Sources */ = {isa = PBXBuildFile; fileRef = 8E2C11132831B74B00C13BA0 /* Table.swift */; };
		8E2C112C2831B74B00C13BA0 /* Tables.swift in Sources */ = {isa = PBXBuildFile; fileRef = 8E2C11142831B74B00C13BA0 /* Tables.swift */; };
		8E2C112D2831B74B00C13BA0 /* Leagues.swift in Sources */ = {isa = PBXBuildFile; fileRef = 8E2C11162831B74B00C13BA0 /* Leagues.swift */; };
		8E2C112E2831B74B00C13BA0 /* League.swift in Sources */ = {isa = PBXBuildFile; fileRef = 8E2C11172831B74B00C13BA0 /* League.swift */; };
		8E2C112F2831B74B00C13BA0 /* Sports.swift in Sources */ = {isa = PBXBuildFile; fileRef = 8E2C11192831B74B00C13BA0 /* Sports.swift */; };
		8E2C11302831B74B00C13BA0 /* Sport.swift in Sources */ = {isa = PBXBuildFile; fileRef = 8E2C111A2831B74B00C13BA0 /* Sport.swift */; };
		8E2C11312831B74B00C13BA0 /* Seasons.swift in Sources */ = {isa = PBXBuildFile; fileRef = 8E2C111C2831B74B00C13BA0 /* Seasons.swift */; };
		8E2C11322831B74B00C13BA0 /* Season.swift in Sources */ = {isa = PBXBuildFile; fileRef = 8E2C111D2831B74B00C13BA0 /* Season.swift */; };
		8E2C11332831B74B00C13BA0 /* Team.swift in Sources */ = {isa = PBXBuildFile; fileRef = 8E2C111F2831B74B00C13BA0 /* Team.swift */; };
		8E2C11342831B74B00C13BA0 /* Teams.swift in Sources */ = {isa = PBXBuildFile; fileRef = 8E2C11202831B74B00C13BA0 /* Teams.swift */; };
		8E2C11352831B74B00C13BA0 /* Countries.swift in Sources */ = {isa = PBXBuildFile; fileRef = 8E2C11222831B74B00C13BA0 /* Countries.swift */; };
		8E2C11362831B74B00C13BA0 /* Country.swift in Sources */ = {isa = PBXBuildFile; fileRef = 8E2C11232831B74B00C13BA0 /* Country.swift */; };
		8E2C11372831B74B00C13BA0 /* Event.swift in Sources */ = {isa = PBXBuildFile; fileRef = 8E2C11252831B74B00C13BA0 /* Event.swift */; };
		8E2C11382831B74B00C13BA0 /* Events.swift in Sources */ = {isa = PBXBuildFile; fileRef = 8E2C11262831B74B00C13BA0 /* Events.swift */; };
		8E2D55692831C0C800F458D1 /* RepoProtocols.swift in Sources */ = {isa = PBXBuildFile; fileRef = 8E2D55682831C0C800F458D1 /* RepoProtocols.swift */; };
		8E2D556B2831CB5A00F458D1 /* RemoteProtocol.swift in Sources */ = {isa = PBXBuildFile; fileRef = 8E2D556A2831CB5A00F458D1 /* RemoteProtocol.swift */; };
		8E3386B2283434F800A73638 /* CountryLeagues.swift in Sources */ = {isa = PBXBuildFile; fileRef = 8E3386B0283434F800A73638 /* CountryLeagues.swift */; };
		8E3386B3283434F800A73638 /* CountryLeague.swift in Sources */ = {isa = PBXBuildFile; fileRef = 8E3386B1283434F800A73638 /* CountryLeague.swift */; };
		8ED56649283451F100E3456C /* AllLeaguesViewController.swift in Sources */ = {isa = PBXBuildFile; fileRef = 8ED56645283451F000E3456C /* AllLeaguesViewController.swift */; };
		8ED5664A283451F100E3456C /* AllLeaguesTableViewCell.swift in Sources */ = {isa = PBXBuildFile; fileRef = 8ED56646283451F000E3456C /* AllLeaguesTableViewCell.swift */; };
		8ED5664C283451F100E3456C /* FavoriteViewController.swift in Sources */ = {isa = PBXBuildFile; fileRef = 8ED56648283451F100E3456C /* FavoriteViewController.swift */; };
		8ED566532834520000E3456C /* AllSportsPresenter.swift in Sources */ = {isa = PBXBuildFile; fileRef = 8ED5664F2834520000E3456C /* AllSportsPresenter.swift */; };
		8ED566542834520000E3456C /* AllSportsViewController.swift in Sources */ = {isa = PBXBuildFile; fileRef = 8ED566512834520000E3456C /* AllSportsViewController.swift */; };
		8ED566552834520000E3456C /* AllSportsCollectionViewCell.swift in Sources */ = {isa = PBXBuildFile; fileRef = 8ED566522834520000E3456C /* AllSportsCollectionViewCell.swift */; };
		D87B8163A276E9AA98735B88 /* Pods_SportsAppTests.framework in Frameworks */ = {isa = PBXBuildFile; fileRef = 1AC30669A0E1CDFF3CA28F7D /* Pods_SportsAppTests.framework */; };
		EEE0E05B12C4A3560BED269C /* Pods_SportsApp.framework in Frameworks */ = {isa = PBXBuildFile; fileRef = 9CF7D7DC736604B5E1443E37 /* Pods_SportsApp.framework */; };
/* End PBXBuildFile section */

/* Begin PBXContainerItemProxy section */
		8E2C10BF2831A33400C13BA0 /* PBXContainerItemProxy */ = {
			isa = PBXContainerItemProxy;
			containerPortal = 8E2C109D2831A33200C13BA0 /* Project object */;
			proxyType = 1;
			remoteGlobalIDString = 8E2C10A42831A33200C13BA0;
			remoteInfo = SportsApp;
		};
/* End PBXContainerItemProxy section */

/* Begin PBXFileReference section */
		0655864C2CE3A590072BA476 /* Pods-SportsApp.debug.xcconfig */ = {isa = PBXFileReference; includeInIndex = 1; lastKnownFileType = text.xcconfig; name = "Pods-SportsApp.debug.xcconfig"; path = "Target Support Files/Pods-SportsApp/Pods-SportsApp.debug.xcconfig"; sourceTree = "<group>"; };
		1AC30669A0E1CDFF3CA28F7D /* Pods_SportsAppTests.framework */ = {isa = PBXFileReference; explicitFileType = wrapper.framework; includeInIndex = 0; path = Pods_SportsAppTests.framework; sourceTree = BUILT_PRODUCTS_DIR; };
		26D6BF5790C1D37C05D3CA4B /* Pods-SportsApp.release.xcconfig */ = {isa = PBXFileReference; includeInIndex = 1; lastKnownFileType = text.xcconfig; name = "Pods-SportsApp.release.xcconfig"; path = "Target Support Files/Pods-SportsApp/Pods-SportsApp.release.xcconfig"; sourceTree = "<group>"; };
		417FE8842837B1AC00FF5E16 /* FavouriteDB.swift */ = {isa = PBXFileReference; fileEncoding = 4; lastKnownFileType = sourcecode.swift; path = FavouriteDB.swift; sourceTree = "<group>"; };
		417FE8852837B1AC00FF5E16 /* FavouriteLeague.swift */ = {isa = PBXFileReference; fileEncoding = 4; lastKnownFileType = sourcecode.swift; path = FavouriteLeague.swift; sourceTree = "<group>"; };
		417FE8862837B1AC00FF5E16 /* ConverterDB.swift */ = {isa = PBXFileReference; fileEncoding = 4; lastKnownFileType = sourcecode.swift; path = ConverterDB.swift; sourceTree = "<group>"; };
		4195806A283811BC00C91B8F /* DetailsLeaguesPresenter.swift */ = {isa = PBXFileReference; lastKnownFileType = sourcecode.swift; path = DetailsLeaguesPresenter.swift; sourceTree = "<group>"; };
		41A0E0012837EFD500C732BA /* LatestCollectionViewCell.swift */ = {isa = PBXFileReference; lastKnownFileType = sourcecode.swift; path = LatestCollectionViewCell.swift; sourceTree = "<group>"; };
		41A0E0032837EFF100C732BA /* TeamsCollectionViewCell.swift */ = {isa = PBXFileReference; lastKnownFileType = sourcecode.swift; path = TeamsCollectionViewCell.swift; sourceTree = "<group>"; };
		41A2239C2835709F00D31FAE /* AllLeaguesPresenter.swift */ = {isa = PBXFileReference; lastKnownFileType = sourcecode.swift; path = AllLeaguesPresenter.swift; sourceTree = "<group>"; };
		41BEA60B2835B7F900D4BF6F /* DetailsLeagueViewController.swift */ = {isa = PBXFileReference; lastKnownFileType = sourcecode.swift; path = DetailsLeagueViewController.swift; sourceTree = "<group>"; };
		41BEA6102835C26B00D4BF6F /* UpComingCollectionViewCell.swift */ = {isa = PBXFileReference; lastKnownFileType = sourcecode.swift; path = UpComingCollectionViewCell.swift; sourceTree = "<group>"; };
		504032BA28335278005837F6 /* CoreDataService.swift */ = {isa = PBXFileReference; lastKnownFileType = sourcecode.swift; path = CoreDataService.swift; sourceTree = "<group>"; };
		504032C028335D89005837F6 /* CoreDataManger.swift */ = {isa = PBXFileReference; lastKnownFileType = sourcecode.swift; path = CoreDataManger.swift; sourceTree = "<group>"; };
		8E2B309C28328AC800AA48D0 /* ApiProtocols.swift */ = {isa = PBXFileReference; lastKnownFileType = sourcecode.swift; path = ApiProtocols.swift; sourceTree = "<group>"; };
		8E2B309F28328F9F00AA48D0 /* Items.swift */ = {isa = PBXFileReference; fileEncoding = 4; lastKnownFileType = sourcecode.swift; path = Items.swift; sourceTree = "<group>"; };
		8E2B30A028328F9F00AA48D0 /* Id.swift */ = {isa = PBXFileReference; fileEncoding = 4; lastKnownFileType = sourcecode.swift; path = Id.swift; sourceTree = "<group>"; };
		8E2B30A128328F9F00AA48D0 /* Snippet.swift */ = {isa = PBXFileReference; fileEncoding = 4; lastKnownFileType = sourcecode.swift; path = Snippet.swift; sourceTree = "<group>"; };
		8E2B30A228328F9F00AA48D0 /* Default.swift */ = {isa = PBXFileReference; fileEncoding = 4; lastKnownFileType = sourcecode.swift; path = Default.swift; sourceTree = "<group>"; };
		8E2B30A328328F9F00AA48D0 /* High.swift */ = {isa = PBXFileReference; fileEncoding = 4; lastKnownFileType = sourcecode.swift; path = High.swift; sourceTree = "<group>"; };
		8E2B30A428328F9F00AA48D0 /* YoutubeSearchListResponse.swift */ = {isa = PBXFileReference; fileEncoding = 4; lastKnownFileType = sourcecode.swift; path = YoutubeSearchListResponse.swift; sourceTree = "<group>"; };
		8E2B30A528328F9F00AA48D0 /* PageInfo.swift */ = {isa = PBXFileReference; fileEncoding = 4; lastKnownFileType = sourcecode.swift; path = PageInfo.swift; sourceTree = "<group>"; };
		8E2B30A628328F9F00AA48D0 /* Thumbnails.swift */ = {isa = PBXFileReference; fileEncoding = 4; lastKnownFileType = sourcecode.swift; path = Thumbnails.swift; sourceTree = "<group>"; };
		8E2B30A728328F9F00AA48D0 /* Medium.swift */ = {isa = PBXFileReference; fileEncoding = 4; lastKnownFileType = sourcecode.swift; path = Medium.swift; sourceTree = "<group>"; };
		8E2B30B3283299E200AA48D0 /* YoutubeRemoteSource.swift */ = {isa = PBXFileReference; lastKnownFileType = sourcecode.swift; path = YoutubeRemoteSource.swift; sourceTree = "<group>"; };
		8E2B30B628329A0F00AA48D0 /* YoutubeProtocols.swift */ = {isa = PBXFileReference; lastKnownFileType = sourcecode.swift; path = YoutubeProtocols.swift; sourceTree = "<group>"; };
		8E2C10A52831A33200C13BA0 /* SportsApp.app */ = {isa = PBXFileReference; explicitFileType = wrapper.application; includeInIndex = 0; path = SportsApp.app; sourceTree = BUILT_PRODUCTS_DIR; };
		8E2C10A82831A33200C13BA0 /* AppDelegate.swift */ = {isa = PBXFileReference; lastKnownFileType = sourcecode.swift; path = AppDelegate.swift; sourceTree = "<group>"; };
		8E2C10AA2831A33200C13BA0 /* SceneDelegate.swift */ = {isa = PBXFileReference; lastKnownFileType = sourcecode.swift; path = SceneDelegate.swift; sourceTree = "<group>"; };
		8E2C10AC2831A33200C13BA0 /* ViewController.swift */ = {isa = PBXFileReference; lastKnownFileType = sourcecode.swift; path = ViewController.swift; sourceTree = "<group>"; };
		8E2C10AF2831A33200C13BA0 /* Base */ = {isa = PBXFileReference; lastKnownFileType = file.storyboard; name = Base; path = Base.lproj/Main.storyboard; sourceTree = "<group>"; };
		8E2C10B22831A33200C13BA0 /* SportsApp.xcdatamodel */ = {isa = PBXFileReference; lastKnownFileType = wrapper.xcdatamodel; path = SportsApp.xcdatamodel; sourceTree = "<group>"; };
		8E2C10B42831A33400C13BA0 /* Assets.xcassets */ = {isa = PBXFileReference; lastKnownFileType = folder.assetcatalog; path = Assets.xcassets; sourceTree = "<group>"; };
		8E2C10B72831A33400C13BA0 /* Base */ = {isa = PBXFileReference; lastKnownFileType = file.storyboard; name = Base; path = Base.lproj/LaunchScreen.storyboard; sourceTree = "<group>"; };
		8E2C10B92831A33400C13BA0 /* Info.plist */ = {isa = PBXFileReference; lastKnownFileType = text.plist.xml; path = Info.plist; sourceTree = "<group>"; };
		8E2C10BE2831A33400C13BA0 /* SportsAppTests.xctest */ = {isa = PBXFileReference; explicitFileType = wrapper.cfbundle; includeInIndex = 0; path = SportsAppTests.xctest; sourceTree = BUILT_PRODUCTS_DIR; };
		8E2C10C22831A33400C13BA0 /* SportsAppTests.swift */ = {isa = PBXFileReference; lastKnownFileType = sourcecode.swift; path = SportsAppTests.swift; sourceTree = "<group>"; };
		8E2C10C42831A33400C13BA0 /* Info.plist */ = {isa = PBXFileReference; lastKnownFileType = text.plist.xml; path = Info.plist; sourceTree = "<group>"; };
		8E2C110C2831B74B00C13BA0 /* ApiBaseSource.swift */ = {isa = PBXFileReference; fileEncoding = 4; lastKnownFileType = sourcecode.swift; path = ApiBaseSource.swift; sourceTree = "<group>"; };
		8E2C110D2831B74B00C13BA0 /* RemoteSource.swift */ = {isa = PBXFileReference; fileEncoding = 4; lastKnownFileType = sourcecode.swift; path = RemoteSource.swift; sourceTree = "<group>"; };
		8E2C110E2831B74B00C13BA0 /* URLs.swift */ = {isa = PBXFileReference; fileEncoding = 4; lastKnownFileType = sourcecode.swift; path = URLs.swift; sourceTree = "<group>"; };
		8E2C11102831B74B00C13BA0 /* Repo.swift */ = {isa = PBXFileReference; fileEncoding = 4; lastKnownFileType = sourcecode.swift; path = Repo.swift; sourceTree = "<group>"; };
		8E2C11132831B74B00C13BA0 /* Table.swift */ = {isa = PBXFileReference; fileEncoding = 4; lastKnownFileType = sourcecode.swift; path = Table.swift; sourceTree = "<group>"; };
		8E2C11142831B74B00C13BA0 /* Tables.swift */ = {isa = PBXFileReference; fileEncoding = 4; lastKnownFileType = sourcecode.swift; path = Tables.swift; sourceTree = "<group>"; };
		8E2C11162831B74B00C13BA0 /* Leagues.swift */ = {isa = PBXFileReference; fileEncoding = 4; lastKnownFileType = sourcecode.swift; path = Leagues.swift; sourceTree = "<group>"; };
		8E2C11172831B74B00C13BA0 /* League.swift */ = {isa = PBXFileReference; fileEncoding = 4; lastKnownFileType = sourcecode.swift; path = League.swift; sourceTree = "<group>"; };
		8E2C11192831B74B00C13BA0 /* Sports.swift */ = {isa = PBXFileReference; fileEncoding = 4; lastKnownFileType = sourcecode.swift; path = Sports.swift; sourceTree = "<group>"; };
		8E2C111A2831B74B00C13BA0 /* Sport.swift */ = {isa = PBXFileReference; fileEncoding = 4; lastKnownFileType = sourcecode.swift; path = Sport.swift; sourceTree = "<group>"; };
		8E2C111C2831B74B00C13BA0 /* Seasons.swift */ = {isa = PBXFileReference; fileEncoding = 4; lastKnownFileType = sourcecode.swift; path = Seasons.swift; sourceTree = "<group>"; };
		8E2C111D2831B74B00C13BA0 /* Season.swift */ = {isa = PBXFileReference; fileEncoding = 4; lastKnownFileType = sourcecode.swift; path = Season.swift; sourceTree = "<group>"; };
		8E2C111F2831B74B00C13BA0 /* Team.swift */ = {isa = PBXFileReference; fileEncoding = 4; lastKnownFileType = sourcecode.swift; path = Team.swift; sourceTree = "<group>"; };
		8E2C11202831B74B00C13BA0 /* Teams.swift */ = {isa = PBXFileReference; fileEncoding = 4; lastKnownFileType = sourcecode.swift; path = Teams.swift; sourceTree = "<group>"; };
		8E2C11222831B74B00C13BA0 /* Countries.swift */ = {isa = PBXFileReference; fileEncoding = 4; lastKnownFileType = sourcecode.swift; path = Countries.swift; sourceTree = "<group>"; };
		8E2C11232831B74B00C13BA0 /* Country.swift */ = {isa = PBXFileReference; fileEncoding = 4; lastKnownFileType = sourcecode.swift; path = Country.swift; sourceTree = "<group>"; };
		8E2C11252831B74B00C13BA0 /* Event.swift */ = {isa = PBXFileReference; fileEncoding = 4; lastKnownFileType = sourcecode.swift; path = Event.swift; sourceTree = "<group>"; };
		8E2C11262831B74B00C13BA0 /* Events.swift */ = {isa = PBXFileReference; fileEncoding = 4; lastKnownFileType = sourcecode.swift; path = Events.swift; sourceTree = "<group>"; };
		8E2D55682831C0C800F458D1 /* RepoProtocols.swift */ = {isa = PBXFileReference; lastKnownFileType = sourcecode.swift; path = RepoProtocols.swift; sourceTree = "<group>"; };
		8E2D556A2831CB5A00F458D1 /* RemoteProtocol.swift */ = {isa = PBXFileReference; lastKnownFileType = sourcecode.swift; path = RemoteProtocol.swift; sourceTree = "<group>"; };
		8E3386B0283434F800A73638 /* CountryLeagues.swift */ = {isa = PBXFileReference; fileEncoding = 4; lastKnownFileType = sourcecode.swift; path = CountryLeagues.swift; sourceTree = "<group>"; };
		8E3386B1283434F800A73638 /* CountryLeague.swift */ = {isa = PBXFileReference; fileEncoding = 4; lastKnownFileType = sourcecode.swift; path = CountryLeague.swift; sourceTree = "<group>"; };
		8ED56645283451F000E3456C /* AllLeaguesViewController.swift */ = {isa = PBXFileReference; fileEncoding = 4; lastKnownFileType = sourcecode.swift; path = AllLeaguesViewController.swift; sourceTree = "<group>"; };
		8ED56646283451F000E3456C /* AllLeaguesTableViewCell.swift */ = {isa = PBXFileReference; fileEncoding = 4; lastKnownFileType = sourcecode.swift; path = AllLeaguesTableViewCell.swift; sourceTree = "<group>"; };
		8ED56648283451F100E3456C /* FavoriteViewController.swift */ = {isa = PBXFileReference; fileEncoding = 4; lastKnownFileType = sourcecode.swift; path = FavoriteViewController.swift; sourceTree = "<group>"; };
		8ED5664F2834520000E3456C /* AllSportsPresenter.swift */ = {isa = PBXFileReference; fileEncoding = 4; lastKnownFileType = sourcecode.swift; path = AllSportsPresenter.swift; sourceTree = "<group>"; };
		8ED566512834520000E3456C /* AllSportsViewController.swift */ = {isa = PBXFileReference; fileEncoding = 4; lastKnownFileType = sourcecode.swift; path = AllSportsViewController.swift; sourceTree = "<group>"; };
		8ED566522834520000E3456C /* AllSportsCollectionViewCell.swift */ = {isa = PBXFileReference; fileEncoding = 4; lastKnownFileType = sourcecode.swift; path = AllSportsCollectionViewCell.swift; sourceTree = "<group>"; };
		9CF7D7DC736604B5E1443E37 /* Pods_SportsApp.framework */ = {isa = PBXFileReference; explicitFileType = wrapper.framework; includeInIndex = 0; path = Pods_SportsApp.framework; sourceTree = BUILT_PRODUCTS_DIR; };
		9DDD40783AF232918D5E0A56 /* Pods-SportsAppTests.release.xcconfig */ = {isa = PBXFileReference; includeInIndex = 1; lastKnownFileType = text.xcconfig; name = "Pods-SportsAppTests.release.xcconfig"; path = "Target Support Files/Pods-SportsAppTests/Pods-SportsAppTests.release.xcconfig"; sourceTree = "<group>"; };
		E7BE3240D91F552CEABA997C /* Pods-SportsAppTests.debug.xcconfig */ = {isa = PBXFileReference; includeInIndex = 1; lastKnownFileType = text.xcconfig; name = "Pods-SportsAppTests.debug.xcconfig"; path = "Target Support Files/Pods-SportsAppTests/Pods-SportsAppTests.debug.xcconfig"; sourceTree = "<group>"; };
/* End PBXFileReference section */

/* Begin PBXFrameworksBuildPhase section */
		8E2C10A22831A33200C13BA0 /* Frameworks */ = {
			isa = PBXFrameworksBuildPhase;
			buildActionMask = 2147483647;
			files = (
				EEE0E05B12C4A3560BED269C /* Pods_SportsApp.framework in Frameworks */,
			);
			runOnlyForDeploymentPostprocessing = 0;
		};
		8E2C10BB2831A33400C13BA0 /* Frameworks */ = {
			isa = PBXFrameworksBuildPhase;
			buildActionMask = 2147483647;
			files = (
				D87B8163A276E9AA98735B88 /* Pods_SportsAppTests.framework in Frameworks */,
			);
			runOnlyForDeploymentPostprocessing = 0;
		};
/* End PBXFrameworksBuildPhase section */

/* Begin PBXGroup section */
		417FE8832837B1AC00FF5E16 /* FavouriteLeague */ = {
			isa = PBXGroup;
			children = (
				417FE8842837B1AC00FF5E16 /* FavouriteDB.swift */,
				417FE8852837B1AC00FF5E16 /* FavouriteLeague.swift */,
				417FE8862837B1AC00FF5E16 /* ConverterDB.swift */,
			);
			path = FavouriteLeague;
			sourceTree = "<group>";
		};
		41A223992835705200D31FAE /* AllLeagues */ = {
			isa = PBXGroup;
			children = (
				41A2239B2835707300D31FAE /* Presenter */,
				41A2239A2835706000D31FAE /* View */,
			);
			path = AllLeagues;
			sourceTree = "<group>";
		};
		41A2239A2835706000D31FAE /* View */ = {
			isa = PBXGroup;
			children = (
				8ED56645283451F000E3456C /* AllLeaguesViewController.swift */,
				8ED56646283451F000E3456C /* AllLeaguesTableViewCell.swift */,
			);
			path = View;
			sourceTree = "<group>";
		};
		41A2239B2835707300D31FAE /* Presenter */ = {
			isa = PBXGroup;
			children = (
				41A2239C2835709F00D31FAE /* AllLeaguesPresenter.swift */,
			);
			path = Presenter;
			sourceTree = "<group>";
		};
		41BEA60D2835BCEE00D4BF6F /* Details */ = {
			isa = PBXGroup;
			children = (
				41BEA60F2835BD0300D4BF6F /* View */,
				41BEA60E2835BCFA00D4BF6F /* Presenter */,
			);
			path = Details;
			sourceTree = "<group>";
		};
		41BEA60E2835BCFA00D4BF6F /* Presenter */ = {
			isa = PBXGroup;
			children = (
				4195806A283811BC00C91B8F /* DetailsLeaguesPresenter.swift */,
			);
			path = Presenter;
			sourceTree = "<group>";
		};
		41BEA60F2835BD0300D4BF6F /* View */ = {
			isa = PBXGroup;
			children = (
				41BEA60B2835B7F900D4BF6F /* DetailsLeagueViewController.swift */,
				41BEA6102835C26B00D4BF6F /* UpComingCollectionViewCell.swift */,
				41A0E0012837EFD500C732BA /* LatestCollectionViewCell.swift */,
				41A0E0032837EFF100C732BA /* TeamsCollectionViewCell.swift */,
			);
			path = View;
			sourceTree = "<group>";
		};
		504032B928335218005837F6 /* DataBase */ = {
			isa = PBXGroup;
			children = (
				504032BF28335D5E005837F6 /* CoreDataProtocol */,
				504032BA28335278005837F6 /* CoreDataService.swift */,
			);
			path = DataBase;
			sourceTree = "<group>";
		};
		504032BF28335D5E005837F6 /* CoreDataProtocol */ = {
			isa = PBXGroup;
			children = (
				504032C028335D89005837F6 /* CoreDataManger.swift */,
			);
			path = CoreDataProtocol;
			sourceTree = "<group>";
		};
		71BA2B73B7BD004EA53C835D /* Frameworks */ = {
			isa = PBXGroup;
			children = (
				9CF7D7DC736604B5E1443E37 /* Pods_SportsApp.framework */,
				1AC30669A0E1CDFF3CA28F7D /* Pods_SportsAppTests.framework */,
			);
			name = Frameworks;
			sourceTree = "<group>";
		};
		8E2B309B28328A9F00AA48D0 /* ApiBase */ = {
			isa = PBXGroup;
			children = (
				8E2C110C2831B74B00C13BA0 /* ApiBaseSource.swift */,
				8E2B309C28328AC800AA48D0 /* ApiProtocols.swift */,
			);
			path = ApiBase;
			sourceTree = "<group>";
		};
		8E2B309E28328F9F00AA48D0 /* youtubeSearchListResponse */ = {
			isa = PBXGroup;
			children = (
				8E2B309F28328F9F00AA48D0 /* Items.swift */,
				8E2B30A028328F9F00AA48D0 /* Id.swift */,
				8E2B30A128328F9F00AA48D0 /* Snippet.swift */,
				8E2B30A228328F9F00AA48D0 /* Default.swift */,
				8E2B30A328328F9F00AA48D0 /* High.swift */,
				8E2B30A428328F9F00AA48D0 /* YoutubeSearchListResponse.swift */,
				8E2B30A528328F9F00AA48D0 /* PageInfo.swift */,
				8E2B30A628328F9F00AA48D0 /* Thumbnails.swift */,
				8E2B30A728328F9F00AA48D0 /* Medium.swift */,
			);
			path = youtubeSearchListResponse;
			sourceTree = "<group>";
		};
		8E2B30B12832998E00AA48D0 /* Sports */ = {
			isa = PBXGroup;
			children = (
				8E2B30B82832C5C700AA48D0 /* SportsProtocol */,
				8E2C110D2831B74B00C13BA0 /* RemoteSource.swift */,
			);
			path = Sports;
			sourceTree = "<group>";
		};
		8E2B30B2283299A400AA48D0 /* YoutubeSearch */ = {
			isa = PBXGroup;
			children = (
				8E2B30B5283299EA00AA48D0 /* YoutubeProtocols */,
				8E2B30B3283299E200AA48D0 /* YoutubeRemoteSource.swift */,
			);
			path = YoutubeSearch;
			sourceTree = "<group>";
		};
		8E2B30B5283299EA00AA48D0 /* YoutubeProtocols */ = {
			isa = PBXGroup;
			children = (
				8E2B30B628329A0F00AA48D0 /* YoutubeProtocols.swift */,
			);
			path = YoutubeProtocols;
			sourceTree = "<group>";
		};
		8E2B30B82832C5C700AA48D0 /* SportsProtocol */ = {
			isa = PBXGroup;
			children = (
				8E2D556A2831CB5A00F458D1 /* RemoteProtocol.swift */,
			);
			path = SportsProtocol;
			sourceTree = "<group>";
		};
		8E2C109C2831A33200C13BA0 = {
			isa = PBXGroup;
			children = (
				8E2C10A72831A33200C13BA0 /* SportsApp */,
				8E2C10C12831A33400C13BA0 /* SportsAppTests */,
				8E2C10A62831A33200C13BA0 /* Products */,
				F46C36CC5B077D3D099B8742 /* Pods */,
				71BA2B73B7BD004EA53C835D /* Frameworks */,
			);
			sourceTree = "<group>";
		};
		8E2C10A62831A33200C13BA0 /* Products */ = {
			isa = PBXGroup;
			children = (
				8E2C10A52831A33200C13BA0 /* SportsApp.app */,
				8E2C10BE2831A33400C13BA0 /* SportsAppTests.xctest */,
			);
			name = Products;
			sourceTree = "<group>";
		};
		8E2C10A72831A33200C13BA0 /* SportsApp */ = {
			isa = PBXGroup;
			children = (
				8E2C11012831A66900C13BA0 /* Module */,
				8E2C11002831A65600C13BA0 /* Model */,
				8E2C10CD2831A41600C13BA0 /* View */,
				8E2C10A82831A33200C13BA0 /* AppDelegate.swift */,
				8E2C10AA2831A33200C13BA0 /* SceneDelegate.swift */,
				8E2C10AC2831A33200C13BA0 /* ViewController.swift */,
				8E2C10B42831A33400C13BA0 /* Assets.xcassets */,
				8E2C10B92831A33400C13BA0 /* Info.plist */,
				8E2C10B12831A33200C13BA0 /* SportsApp.xcdatamodeld */,
			);
			path = SportsApp;
			sourceTree = "<group>";
		};
		8E2C10C12831A33400C13BA0 /* SportsAppTests */ = {
			isa = PBXGroup;
			children = (
				8E2C10C22831A33400C13BA0 /* SportsAppTests.swift */,
				8E2C10C42831A33400C13BA0 /* Info.plist */,
			);
			path = SportsAppTests;
			sourceTree = "<group>";
		};
		8E2C10CD2831A41600C13BA0 /* View */ = {
			isa = PBXGroup;
			children = (
				8ED56648283451F100E3456C /* FavoriteViewController.swift */,
				8E2C10AE2831A33200C13BA0 /* Main.storyboard */,
				8E2C10B62831A33400C13BA0 /* LaunchScreen.storyboard */,
			);
			path = View;
			sourceTree = "<group>";
		};
		8E2C11002831A65600C13BA0 /* Model */ = {
			isa = PBXGroup;
			children = (
				504032B928335218005837F6 /* DataBase */,
				8E2C11112831B74B00C13BA0 /* POJO */,
				8E2C110B2831B74B00C13BA0 /* RemoteSource */,
				8E2C110F2831B74B00C13BA0 /* Repository */,
			);
			path = Model;
			sourceTree = "<group>";
		};
		8E2C11012831A66900C13BA0 /* Module */ = {
			isa = PBXGroup;
			children = (
				41BEA60D2835BCEE00D4BF6F /* Details */,
				41A223992835705200D31FAE /* AllLeagues */,
				8ED5664D2834520000E3456C /* AllSports */,
			);
			path = Module;
			sourceTree = "<group>";
		};
		8E2C110B2831B74B00C13BA0 /* RemoteSource */ = {
			isa = PBXGroup;
			children = (
				8E2B30B2283299A400AA48D0 /* YoutubeSearch */,
				8E2B30B12832998E00AA48D0 /* Sports */,
				8E2B309B28328A9F00AA48D0 /* ApiBase */,
				8E2C110E2831B74B00C13BA0 /* URLs.swift */,
			);
			path = RemoteSource;
			sourceTree = "<group>";
		};
		8E2C110F2831B74B00C13BA0 /* Repository */ = {
			isa = PBXGroup;
			children = (
				8E2D55672831C0A400F458D1 /* RepoProtocols */,
				8E2C11102831B74B00C13BA0 /* Repo.swift */,
			);
			path = Repository;
			sourceTree = "<group>";
		};
		8E2C11112831B74B00C13BA0 /* POJO */ = {
			isa = PBXGroup;
			children = (
				417FE8832837B1AC00FF5E16 /* FavouriteLeague */,
				8E3386AF283434F800A73638 /* CountryLeagues */,
				8E2B309E28328F9F00AA48D0 /* youtubeSearchListResponse */,
				8E2C11122831B74B00C13BA0 /* Tables */,
				8E2C11152831B74B00C13BA0 /* Leagues */,
				8E2C11182831B74B00C13BA0 /* Sports */,
				8E2C111B2831B74B00C13BA0 /* Seasons */,
				8E2C111E2831B74B00C13BA0 /* Teams */,
				8E2C11212831B74B00C13BA0 /* Countries */,
				8E2C11242831B74B00C13BA0 /* Events */,
			);
			path = POJO;
			sourceTree = "<group>";
		};
		8E2C11122831B74B00C13BA0 /* Tables */ = {
			isa = PBXGroup;
			children = (
				8E2C11132831B74B00C13BA0 /* Table.swift */,
				8E2C11142831B74B00C13BA0 /* Tables.swift */,
			);
			path = Tables;
			sourceTree = "<group>";
		};
		8E2C11152831B74B00C13BA0 /* Leagues */ = {
			isa = PBXGroup;
			children = (
				8E2C11162831B74B00C13BA0 /* Leagues.swift */,
				8E2C11172831B74B00C13BA0 /* League.swift */,
			);
			path = Leagues;
			sourceTree = "<group>";
		};
		8E2C11182831B74B00C13BA0 /* Sports */ = {
			isa = PBXGroup;
			children = (
				8E2C11192831B74B00C13BA0 /* Sports.swift */,
				8E2C111A2831B74B00C13BA0 /* Sport.swift */,
			);
			path = Sports;
			sourceTree = "<group>";
		};
		8E2C111B2831B74B00C13BA0 /* Seasons */ = {
			isa = PBXGroup;
			children = (
				8E2C111C2831B74B00C13BA0 /* Seasons.swift */,
				8E2C111D2831B74B00C13BA0 /* Season.swift */,
			);
			path = Seasons;
			sourceTree = "<group>";
		};
		8E2C111E2831B74B00C13BA0 /* Teams */ = {
			isa = PBXGroup;
			children = (
				8E2C111F2831B74B00C13BA0 /* Team.swift */,
				8E2C11202831B74B00C13BA0 /* Teams.swift */,
			);
			path = Teams;
			sourceTree = "<group>";
		};
		8E2C11212831B74B00C13BA0 /* Countries */ = {
			isa = PBXGroup;
			children = (
				8E2C11222831B74B00C13BA0 /* Countries.swift */,
				8E2C11232831B74B00C13BA0 /* Country.swift */,
			);
			path = Countries;
			sourceTree = "<group>";
		};
		8E2C11242831B74B00C13BA0 /* Events */ = {
			isa = PBXGroup;
			children = (
				8E2C11252831B74B00C13BA0 /* Event.swift */,
				8E2C11262831B74B00C13BA0 /* Events.swift */,
			);
			path = Events;
			sourceTree = "<group>";
		};
		8E2D55672831C0A400F458D1 /* RepoProtocols */ = {
			isa = PBXGroup;
			children = (
				8E2D55682831C0C800F458D1 /* RepoProtocols.swift */,
			);
			path = RepoProtocols;
			sourceTree = "<group>";
		};
		8E3386AF283434F800A73638 /* CountryLeagues */ = {
			isa = PBXGroup;
			children = (
				8E3386B0283434F800A73638 /* CountryLeagues.swift */,
				8E3386B1283434F800A73638 /* CountryLeague.swift */,
			);
			path = CountryLeagues;
			sourceTree = "<group>";
		};
		8ED5664D2834520000E3456C /* AllSports */ = {
			isa = PBXGroup;
			children = (
				8ED5664E2834520000E3456C /* Presenter */,
				8ED566502834520000E3456C /* View */,
			);
			path = AllSports;
			sourceTree = "<group>";
		};
		8ED5664E2834520000E3456C /* Presenter */ = {
			isa = PBXGroup;
			children = (
				8ED5664F2834520000E3456C /* AllSportsPresenter.swift */,
			);
			path = Presenter;
			sourceTree = "<group>";
		};
		8ED566502834520000E3456C /* View */ = {
			isa = PBXGroup;
			children = (
				8ED566512834520000E3456C /* AllSportsViewController.swift */,
				8ED566522834520000E3456C /* AllSportsCollectionViewCell.swift */,
			);
			path = View;
			sourceTree = "<group>";
		};
		F46C36CC5B077D3D099B8742 /* Pods */ = {
			isa = PBXGroup;
			children = (
				0655864C2CE3A590072BA476 /* Pods-SportsApp.debug.xcconfig */,
				26D6BF5790C1D37C05D3CA4B /* Pods-SportsApp.release.xcconfig */,
				E7BE3240D91F552CEABA997C /* Pods-SportsAppTests.debug.xcconfig */,
				9DDD40783AF232918D5E0A56 /* Pods-SportsAppTests.release.xcconfig */,
			);
			path = Pods;
			sourceTree = "<group>";
		};
/* End PBXGroup section */

/* Begin PBXNativeTarget section */
		8E2C10A42831A33200C13BA0 /* SportsApp */ = {
			isa = PBXNativeTarget;
			buildConfigurationList = 8E2C10C72831A33400C13BA0 /* Build configuration list for PBXNativeTarget "SportsApp" */;
			buildPhases = (
				C24F170A45B3EB143D5062BE /* [CP] Check Pods Manifest.lock */,
				8E2C10A12831A33200C13BA0 /* Sources */,
				8E2C10A22831A33200C13BA0 /* Frameworks */,
				8E2C10A32831A33200C13BA0 /* Resources */,
				D02AEC132861F5F18370444C /* [CP] Embed Pods Frameworks */,
			);
			buildRules = (
			);
			dependencies = (
			);
			name = SportsApp;
			productName = SportsApp;
			productReference = 8E2C10A52831A33200C13BA0 /* SportsApp.app */;
			productType = "com.apple.product-type.application";
		};
		8E2C10BD2831A33400C13BA0 /* SportsAppTests */ = {
			isa = PBXNativeTarget;
			buildConfigurationList = 8E2C10CA2831A33400C13BA0 /* Build configuration list for PBXNativeTarget "SportsAppTests" */;
			buildPhases = (
				AF272A85EF34F379AF70FE4A /* [CP] Check Pods Manifest.lock */,
				8E2C10BA2831A33400C13BA0 /* Sources */,
				8E2C10BB2831A33400C13BA0 /* Frameworks */,
				8E2C10BC2831A33400C13BA0 /* Resources */,
			);
			buildRules = (
			);
			dependencies = (
				8E2C10C02831A33400C13BA0 /* PBXTargetDependency */,
			);
			name = SportsAppTests;
			productName = SportsAppTests;
			productReference = 8E2C10BE2831A33400C13BA0 /* SportsAppTests.xctest */;
			productType = "com.apple.product-type.bundle.unit-test";
		};
/* End PBXNativeTarget section */

/* Begin PBXProject section */
		8E2C109D2831A33200C13BA0 /* Project object */ = {
			isa = PBXProject;
			attributes = {
				LastSwiftUpdateCheck = 1130;
				LastUpgradeCheck = 1130;
				ORGANIZATIONNAME = "Karam Ibrahim";
				TargetAttributes = {
					8E2C10A42831A33200C13BA0 = {
						CreatedOnToolsVersion = 11.3.1;
					};
					8E2C10BD2831A33400C13BA0 = {
						CreatedOnToolsVersion = 11.3.1;
						TestTargetID = 8E2C10A42831A33200C13BA0;
					};
				};
			};
			buildConfigurationList = 8E2C10A02831A33200C13BA0 /* Build configuration list for PBXProject "SportsApp" */;
			compatibilityVersion = "Xcode 9.3";
			developmentRegion = en;
			hasScannedForEncodings = 0;
			knownRegions = (
				en,
				Base,
			);
			mainGroup = 8E2C109C2831A33200C13BA0;
			productRefGroup = 8E2C10A62831A33200C13BA0 /* Products */;
			projectDirPath = "";
			projectRoot = "";
			targets = (
				8E2C10A42831A33200C13BA0 /* SportsApp */,
				8E2C10BD2831A33400C13BA0 /* SportsAppTests */,
			);
		};
/* End PBXProject section */

/* Begin PBXResourcesBuildPhase section */
		8E2C10A32831A33200C13BA0 /* Resources */ = {
			isa = PBXResourcesBuildPhase;
			buildActionMask = 2147483647;
			files = (
				8E2C10B82831A33400C13BA0 /* LaunchScreen.storyboard in Resources */,
				8E2C10B52831A33400C13BA0 /* Assets.xcassets in Resources */,
				8E2C10B02831A33200C13BA0 /* Main.storyboard in Resources */,
			);
			runOnlyForDeploymentPostprocessing = 0;
		};
		8E2C10BC2831A33400C13BA0 /* Resources */ = {
			isa = PBXResourcesBuildPhase;
			buildActionMask = 2147483647;
			files = (
			);
			runOnlyForDeploymentPostprocessing = 0;
		};
/* End PBXResourcesBuildPhase section */

/* Begin PBXShellScriptBuildPhase section */
		AF272A85EF34F379AF70FE4A /* [CP] Check Pods Manifest.lock */ = {
			isa = PBXShellScriptBuildPhase;
			buildActionMask = 2147483647;
			files = (
			);
			inputFileListPaths = (
			);
			inputPaths = (
				"${PODS_PODFILE_DIR_PATH}/Podfile.lock",
				"${PODS_ROOT}/Manifest.lock",
			);
			name = "[CP] Check Pods Manifest.lock";
			outputFileListPaths = (
			);
			outputPaths = (
				"$(DERIVED_FILE_DIR)/Pods-SportsAppTests-checkManifestLockResult.txt",
			);
			runOnlyForDeploymentPostprocessing = 0;
			shellPath = /bin/sh;
			shellScript = "diff \"${PODS_PODFILE_DIR_PATH}/Podfile.lock\" \"${PODS_ROOT}/Manifest.lock\" > /dev/null\nif [ $? != 0 ] ; then\n    # print error to STDERR\n    echo \"error: The sandbox is not in sync with the Podfile.lock. Run 'pod install' or update your CocoaPods installation.\" >&2\n    exit 1\nfi\n# This output is used by Xcode 'outputs' to avoid re-running this script phase.\necho \"SUCCESS\" > \"${SCRIPT_OUTPUT_FILE_0}\"\n";
			showEnvVarsInLog = 0;
		};
		C24F170A45B3EB143D5062BE /* [CP] Check Pods Manifest.lock */ = {
			isa = PBXShellScriptBuildPhase;
			buildActionMask = 2147483647;
			files = (
			);
			inputFileListPaths = (
			);
			inputPaths = (
				"${PODS_PODFILE_DIR_PATH}/Podfile.lock",
				"${PODS_ROOT}/Manifest.lock",
			);
			name = "[CP] Check Pods Manifest.lock";
			outputFileListPaths = (
			);
			outputPaths = (
				"$(DERIVED_FILE_DIR)/Pods-SportsApp-checkManifestLockResult.txt",
			);
			runOnlyForDeploymentPostprocessing = 0;
			shellPath = /bin/sh;
			shellScript = "diff \"${PODS_PODFILE_DIR_PATH}/Podfile.lock\" \"${PODS_ROOT}/Manifest.lock\" > /dev/null\nif [ $? != 0 ] ; then\n    # print error to STDERR\n    echo \"error: The sandbox is not in sync with the Podfile.lock. Run 'pod install' or update your CocoaPods installation.\" >&2\n    exit 1\nfi\n# This output is used by Xcode 'outputs' to avoid re-running this script phase.\necho \"SUCCESS\" > \"${SCRIPT_OUTPUT_FILE_0}\"\n";
			showEnvVarsInLog = 0;
		};
		D02AEC132861F5F18370444C /* [CP] Embed Pods Frameworks */ = {
			isa = PBXShellScriptBuildPhase;
			buildActionMask = 2147483647;
			files = (
			);
			inputFileListPaths = (
				"${PODS_ROOT}/Target Support Files/Pods-SportsApp/Pods-SportsApp-frameworks-${CONFIGURATION}-input-files.xcfilelist",
			);
			name = "[CP] Embed Pods Frameworks";
			outputFileListPaths = (
				"${PODS_ROOT}/Target Support Files/Pods-SportsApp/Pods-SportsApp-frameworks-${CONFIGURATION}-output-files.xcfilelist",
			);
			runOnlyForDeploymentPostprocessing = 0;
			shellPath = /bin/sh;
			shellScript = "\"${PODS_ROOT}/Target Support Files/Pods-SportsApp/Pods-SportsApp-frameworks.sh\"\n";
			showEnvVarsInLog = 0;
		};
/* End PBXShellScriptBuildPhase section */

/* Begin PBXSourcesBuildPhase section */
		8E2C10A12831A33200C13BA0 /* Sources */ = {
			isa = PBXSourcesBuildPhase;
			buildActionMask = 2147483647;
			files = (
				4195806B283811BC00C91B8F /* DetailsLeaguesPresenter.swift in Sources */,
				8E2B30AD28328F9F00AA48D0 /* YoutubeSearchListResponse.swift in Sources */,
				8E2C11352831B74B00C13BA0 /* Countries.swift in Sources */,
				8E2D55692831C0C800F458D1 /* RepoProtocols.swift in Sources */,
				8ED5664C283451F100E3456C /* FavoriteViewController.swift in Sources */,
				8E2C11342831B74B00C13BA0 /* Teams.swift in Sources */,
				8E2C11322831B74B00C13BA0 /* Season.swift in Sources */,
				8E2C11302831B74B00C13BA0 /* Sport.swift in Sources */,
				8E2C112C2831B74B00C13BA0 /* Tables.swift in Sources */,
				8E2B30AB28328F9F00AA48D0 /* Default.swift in Sources */,
				41A0E0042837EFF100C732BA /* TeamsCollectionViewCell.swift in Sources */,
				8E2B30B028328F9F00AA48D0 /* Medium.swift in Sources */,
				41BEA60C2835B7F900D4BF6F /* DetailsLeagueViewController.swift in Sources */,
				8E2B30AF28328F9F00AA48D0 /* Thumbnails.swift in Sources */,
				8E2B30A828328F9F00AA48D0 /* Items.swift in Sources */,
				8E2C10AD2831A33200C13BA0 /* ViewController.swift in Sources */,
				8E2C11312831B74B00C13BA0 /* Seasons.swift in Sources */,
				8E2C10A92831A33200C13BA0 /* AppDelegate.swift in Sources */,
				8ED566542834520000E3456C /* AllSportsViewController.swift in Sources */,
				8E2B309D28328AC800AA48D0 /* ApiProtocols.swift in Sources */,
				8E2C11362831B74B00C13BA0 /* Country.swift in Sources */,
				8E2C11282831B74B00C13BA0 /* RemoteSource.swift in Sources */,
				8E2C112B2831B74B00C13BA0 /* Table.swift in Sources */,
				41A0E0022837EFD500C732BA /* LatestCollectionViewCell.swift in Sources */,
				8E3386B2283434F800A73638 /* CountryLeagues.swift in Sources */,
				8E2B30AC28328F9F00AA48D0 /* High.swift in Sources */,
				417FE8872837B1AC00FF5E16 /* FavouriteDB.swift in Sources */,
				8E2C11332831B74B00C13BA0 /* Team.swift in Sources */,
				8E2B30AE28328F9F00AA48D0 /* PageInfo.swift in Sources */,
				8E2B30AA28328F9F00AA48D0 /* Snippet.swift in Sources */,
				41BEA6112835C26B00D4BF6F /* UpComingCollectionViewCell.swift in Sources */,
				8E2C11382831B74B00C13BA0 /* Events.swift in Sources */,
				8E2C112A2831B74B00C13BA0 /* Repo.swift in Sources */,
				8E2B30B4283299E200AA48D0 /* YoutubeRemoteSource.swift in Sources */,
				8E2C11292831B74B00C13BA0 /* URLs.swift in Sources */,
				8E2C11272831B74B00C13BA0 /* ApiBaseSource.swift in Sources */,
				8E2C112F2831B74B00C13BA0 /* Sports.swift in Sources */,
				8ED566532834520000E3456C /* AllSportsPresenter.swift in Sources */,
				8ED5664A283451F100E3456C /* AllLeaguesTableViewCell.swift in Sources */,
				504032BB28335278005837F6 /* CoreDataService.swift in Sources */,
				8E2B30A928328F9F00AA48D0 /* Id.swift in Sources */,
				417FE8892837B1AC00FF5E16 /* ConverterDB.swift in Sources */,
				8ED566552834520000E3456C /* AllSportsCollectionViewCell.swift in Sources */,
				8E2C10B32831A33200C13BA0 /* SportsApp.xcdatamodeld in Sources */,
				8E3386B3283434F800A73638 /* CountryLeague.swift in Sources */,
				8E2C10AB2831A33200C13BA0 /* SceneDelegate.swift in Sources */,
				8ED56649283451F100E3456C /* AllLeaguesViewController.swift in Sources */,
				8E2B30B728329A0F00AA48D0 /* YoutubeProtocols.swift in Sources */,
				8E2C112E2831B74B00C13BA0 /* League.swift in Sources */,
				8E2D556B2831CB5A00F458D1 /* RemoteProtocol.swift in Sources */,
				8E2C11372831B74B00C13BA0 /* Event.swift in Sources */,
				504032C128335D89005837F6 /* CoreDataManger.swift in Sources */,
				8E2C112D2831B74B00C13BA0 /* Leagues.swift in Sources */,
				417FE8882837B1AC00FF5E16 /* FavouriteLeague.swift in Sources */,
				41A2239D2835709F00D31FAE /* AllLeaguesPresenter.swift in Sources */,
			);
			runOnlyForDeploymentPostprocessing = 0;
		};
		8E2C10BA2831A33400C13BA0 /* Sources */ = {
			isa = PBXSourcesBuildPhase;
			buildActionMask = 2147483647;
			files = (
				8E2C10C32831A33400C13BA0 /* SportsAppTests.swift in Sources */,
			);
			runOnlyForDeploymentPostprocessing = 0;
		};
/* End PBXSourcesBuildPhase section */

/* Begin PBXTargetDependency section */
		8E2C10C02831A33400C13BA0 /* PBXTargetDependency */ = {
			isa = PBXTargetDependency;
			target = 8E2C10A42831A33200C13BA0 /* SportsApp */;
			targetProxy = 8E2C10BF2831A33400C13BA0 /* PBXContainerItemProxy */;
		};
/* End PBXTargetDependency section */

/* Begin PBXVariantGroup section */
		8E2C10AE2831A33200C13BA0 /* Main.storyboard */ = {
			isa = PBXVariantGroup;
			children = (
				8E2C10AF2831A33200C13BA0 /* Base */,
			);
			name = Main.storyboard;
			sourceTree = "<group>";
		};
		8E2C10B62831A33400C13BA0 /* LaunchScreen.storyboard */ = {
			isa = PBXVariantGroup;
			children = (
				8E2C10B72831A33400C13BA0 /* Base */,
			);
			name = LaunchScreen.storyboard;
			sourceTree = "<group>";
		};
/* End PBXVariantGroup section */

/* Begin XCBuildConfiguration section */
		8E2C10C52831A33400C13BA0 /* Debug */ = {
			isa = XCBuildConfiguration;
			buildSettings = {
				ALWAYS_SEARCH_USER_PATHS = NO;
				CLANG_ANALYZER_NONNULL = YES;
				CLANG_ANALYZER_NUMBER_OBJECT_CONVERSION = YES_AGGRESSIVE;
				CLANG_CXX_LANGUAGE_STANDARD = "gnu++14";
				CLANG_CXX_LIBRARY = "libc++";
				CLANG_ENABLE_MODULES = YES;
				CLANG_ENABLE_OBJC_ARC = YES;
				CLANG_ENABLE_OBJC_WEAK = YES;
				CLANG_WARN_BLOCK_CAPTURE_AUTORELEASING = YES;
				CLANG_WARN_BOOL_CONVERSION = YES;
				CLANG_WARN_COMMA = YES;
				CLANG_WARN_CONSTANT_CONVERSION = YES;
				CLANG_WARN_DEPRECATED_OBJC_IMPLEMENTATIONS = YES;
				CLANG_WARN_DIRECT_OBJC_ISA_USAGE = YES_ERROR;
				CLANG_WARN_DOCUMENTATION_COMMENTS = YES;
				CLANG_WARN_EMPTY_BODY = YES;
				CLANG_WARN_ENUM_CONVERSION = YES;
				CLANG_WARN_INFINITE_RECURSION = YES;
				CLANG_WARN_INT_CONVERSION = YES;
				CLANG_WARN_NON_LITERAL_NULL_CONVERSION = YES;
				CLANG_WARN_OBJC_IMPLICIT_RETAIN_SELF = YES;
				CLANG_WARN_OBJC_LITERAL_CONVERSION = YES;
				CLANG_WARN_OBJC_ROOT_CLASS = YES_ERROR;
				CLANG_WARN_RANGE_LOOP_ANALYSIS = YES;
				CLANG_WARN_STRICT_PROTOTYPES = YES;
				CLANG_WARN_SUSPICIOUS_MOVE = YES;
				CLANG_WARN_UNGUARDED_AVAILABILITY = YES_AGGRESSIVE;
				CLANG_WARN_UNREACHABLE_CODE = YES;
				CLANG_WARN__DUPLICATE_METHOD_MATCH = YES;
				COPY_PHASE_STRIP = NO;
				DEBUG_INFORMATION_FORMAT = dwarf;
				ENABLE_STRICT_OBJC_MSGSEND = YES;
				ENABLE_TESTABILITY = YES;
				GCC_C_LANGUAGE_STANDARD = gnu11;
				GCC_DYNAMIC_NO_PIC = NO;
				GCC_NO_COMMON_BLOCKS = YES;
				GCC_OPTIMIZATION_LEVEL = 0;
				GCC_PREPROCESSOR_DEFINITIONS = (
					"DEBUG=1",
					"$(inherited)",
				);
				GCC_WARN_64_TO_32_BIT_CONVERSION = YES;
				GCC_WARN_ABOUT_RETURN_TYPE = YES_ERROR;
				GCC_WARN_UNDECLARED_SELECTOR = YES;
				GCC_WARN_UNINITIALIZED_AUTOS = YES_AGGRESSIVE;
				GCC_WARN_UNUSED_FUNCTION = YES;
				GCC_WARN_UNUSED_VARIABLE = YES;
				IPHONEOS_DEPLOYMENT_TARGET = 13.2;
				MTL_ENABLE_DEBUG_INFO = INCLUDE_SOURCE;
				MTL_FAST_MATH = YES;
				ONLY_ACTIVE_ARCH = YES;
				SDKROOT = iphoneos;
				SWIFT_ACTIVE_COMPILATION_CONDITIONS = DEBUG;
				SWIFT_OPTIMIZATION_LEVEL = "-Onone";
			};
			name = Debug;
		};
		8E2C10C62831A33400C13BA0 /* Release */ = {
			isa = XCBuildConfiguration;
			buildSettings = {
				ALWAYS_SEARCH_USER_PATHS = NO;
				CLANG_ANALYZER_NONNULL = YES;
				CLANG_ANALYZER_NUMBER_OBJECT_CONVERSION = YES_AGGRESSIVE;
				CLANG_CXX_LANGUAGE_STANDARD = "gnu++14";
				CLANG_CXX_LIBRARY = "libc++";
				CLANG_ENABLE_MODULES = YES;
				CLANG_ENABLE_OBJC_ARC = YES;
				CLANG_ENABLE_OBJC_WEAK = YES;
				CLANG_WARN_BLOCK_CAPTURE_AUTORELEASING = YES;
				CLANG_WARN_BOOL_CONVERSION = YES;
				CLANG_WARN_COMMA = YES;
				CLANG_WARN_CONSTANT_CONVERSION = YES;
				CLANG_WARN_DEPRECATED_OBJC_IMPLEMENTATIONS = YES;
				CLANG_WARN_DIRECT_OBJC_ISA_USAGE = YES_ERROR;
				CLANG_WARN_DOCUMENTATION_COMMENTS = YES;
				CLANG_WARN_EMPTY_BODY = YES;
				CLANG_WARN_ENUM_CONVERSION = YES;
				CLANG_WARN_INFINITE_RECURSION = YES;
				CLANG_WARN_INT_CONVERSION = YES;
				CLANG_WARN_NON_LITERAL_NULL_CONVERSION = YES;
				CLANG_WARN_OBJC_IMPLICIT_RETAIN_SELF = YES;
				CLANG_WARN_OBJC_LITERAL_CONVERSION = YES;
				CLANG_WARN_OBJC_ROOT_CLASS = YES_ERROR;
				CLANG_WARN_RANGE_LOOP_ANALYSIS = YES;
				CLANG_WARN_STRICT_PROTOTYPES = YES;
				CLANG_WARN_SUSPICIOUS_MOVE = YES;
				CLANG_WARN_UNGUARDED_AVAILABILITY = YES_AGGRESSIVE;
				CLANG_WARN_UNREACHABLE_CODE = YES;
				CLANG_WARN__DUPLICATE_METHOD_MATCH = YES;
				COPY_PHASE_STRIP = NO;
				DEBUG_INFORMATION_FORMAT = "dwarf-with-dsym";
				ENABLE_NS_ASSERTIONS = NO;
				ENABLE_STRICT_OBJC_MSGSEND = YES;
				GCC_C_LANGUAGE_STANDARD = gnu11;
				GCC_NO_COMMON_BLOCKS = YES;
				GCC_WARN_64_TO_32_BIT_CONVERSION = YES;
				GCC_WARN_ABOUT_RETURN_TYPE = YES_ERROR;
				GCC_WARN_UNDECLARED_SELECTOR = YES;
				GCC_WARN_UNINITIALIZED_AUTOS = YES_AGGRESSIVE;
				GCC_WARN_UNUSED_FUNCTION = YES;
				GCC_WARN_UNUSED_VARIABLE = YES;
				IPHONEOS_DEPLOYMENT_TARGET = 13.2;
				MTL_ENABLE_DEBUG_INFO = NO;
				MTL_FAST_MATH = YES;
				SDKROOT = iphoneos;
				SWIFT_COMPILATION_MODE = wholemodule;
				SWIFT_OPTIMIZATION_LEVEL = "-O";
				VALIDATE_PRODUCT = YES;
			};
			name = Release;
		};
		8E2C10C82831A33400C13BA0 /* Debug */ = {
			isa = XCBuildConfiguration;
			baseConfigurationReference = 0655864C2CE3A590072BA476 /* Pods-SportsApp.debug.xcconfig */;
			buildSettings = {
				ASSETCATALOG_COMPILER_APPICON_NAME = AppIcon;
				CODE_SIGN_STYLE = Automatic;
				INFOPLIST_FILE = SportsApp/Info.plist;
				LD_RUNPATH_SEARCH_PATHS = (
					"$(inherited)",
					"@executable_path/Frameworks",
				);
				PRODUCT_BUNDLE_IDENTIFIER = iti.SportsApp;
				PRODUCT_NAME = "$(TARGET_NAME)";
				SWIFT_VERSION = 5.0;
				TARGETED_DEVICE_FAMILY = "1,2";
			};
			name = Debug;
		};
		8E2C10C92831A33400C13BA0 /* Release */ = {
			isa = XCBuildConfiguration;
			baseConfigurationReference = 26D6BF5790C1D37C05D3CA4B /* Pods-SportsApp.release.xcconfig */;
			buildSettings = {
				ASSETCATALOG_COMPILER_APPICON_NAME = AppIcon;
				CODE_SIGN_STYLE = Automatic;
				INFOPLIST_FILE = SportsApp/Info.plist;
				LD_RUNPATH_SEARCH_PATHS = (
					"$(inherited)",
					"@executable_path/Frameworks",
				);
				PRODUCT_BUNDLE_IDENTIFIER = iti.SportsApp;
				PRODUCT_NAME = "$(TARGET_NAME)";
				SWIFT_VERSION = 5.0;
				TARGETED_DEVICE_FAMILY = "1,2";
			};
			name = Release;
		};
		8E2C10CB2831A33400C13BA0 /* Debug */ = {
			isa = XCBuildConfiguration;
			baseConfigurationReference = E7BE3240D91F552CEABA997C /* Pods-SportsAppTests.debug.xcconfig */;
			buildSettings = {
				ALWAYS_EMBED_SWIFT_STANDARD_LIBRARIES = YES;
				BUNDLE_LOADER = "$(TEST_HOST)";
				CODE_SIGN_STYLE = Automatic;
				INFOPLIST_FILE = SportsAppTests/Info.plist;
				IPHONEOS_DEPLOYMENT_TARGET = 13.2;
				LD_RUNPATH_SEARCH_PATHS = (
					"$(inherited)",
					"@executable_path/Frameworks",
					"@loader_path/Frameworks",
				);
				PRODUCT_BUNDLE_IDENTIFIER = iti.SportsAppTests;
				PRODUCT_NAME = "$(TARGET_NAME)";
				SWIFT_VERSION = 5.0;
				TARGETED_DEVICE_FAMILY = "1,2";
				TEST_HOST = "$(BUILT_PRODUCTS_DIR)/SportsApp.app/SportsApp";
			};
			name = Debug;
		};
		8E2C10CC2831A33400C13BA0 /* Release */ = {
			isa = XCBuildConfiguration;
			baseConfigurationReference = 9DDD40783AF232918D5E0A56 /* Pods-SportsAppTests.release.xcconfig */;
			buildSettings = {
				ALWAYS_EMBED_SWIFT_STANDARD_LIBRARIES = YES;
				BUNDLE_LOADER = "$(TEST_HOST)";
				CODE_SIGN_STYLE = Automatic;
				INFOPLIST_FILE = SportsAppTests/Info.plist;
				IPHONEOS_DEPLOYMENT_TARGET = 13.2;
				LD_RUNPATH_SEARCH_PATHS = (
					"$(inherited)",
					"@executable_path/Frameworks",
					"@loader_path/Frameworks",
				);
				PRODUCT_BUNDLE_IDENTIFIER = iti.SportsAppTests;
				PRODUCT_NAME = "$(TARGET_NAME)";
				SWIFT_VERSION = 5.0;
				TARGETED_DEVICE_FAMILY = "1,2";
				TEST_HOST = "$(BUILT_PRODUCTS_DIR)/SportsApp.app/SportsApp";
			};
			name = Release;
		};
/* End XCBuildConfiguration section */

/* Begin XCConfigurationList section */
		8E2C10A02831A33200C13BA0 /* Build configuration list for PBXProject "SportsApp" */ = {
			isa = XCConfigurationList;
			buildConfigurations = (
				8E2C10C52831A33400C13BA0 /* Debug */,
				8E2C10C62831A33400C13BA0 /* Release */,
			);
			defaultConfigurationIsVisible = 0;
			defaultConfigurationName = Release;
		};
		8E2C10C72831A33400C13BA0 /* Build configuration list for PBXNativeTarget "SportsApp" */ = {
			isa = XCConfigurationList;
			buildConfigurations = (
				8E2C10C82831A33400C13BA0 /* Debug */,
				8E2C10C92831A33400C13BA0 /* Release */,
			);
			defaultConfigurationIsVisible = 0;
			defaultConfigurationName = Release;
		};
		8E2C10CA2831A33400C13BA0 /* Build configuration list for PBXNativeTarget "SportsAppTests" */ = {
			isa = XCConfigurationList;
			buildConfigurations = (
				8E2C10CB2831A33400C13BA0 /* Debug */,
				8E2C10CC2831A33400C13BA0 /* Release */,
			);
			defaultConfigurationIsVisible = 0;
			defaultConfigurationName = Release;
		};
/* End XCConfigurationList section */

/* Begin XCVersionGroup section */
		8E2C10B12831A33200C13BA0 /* SportsApp.xcdatamodeld */ = {
			isa = XCVersionGroup;
			children = (
				8E2C10B22831A33200C13BA0 /* SportsApp.xcdatamodel */,
			);
			currentVersion = 8E2C10B22831A33200C13BA0 /* SportsApp.xcdatamodel */;
			path = SportsApp.xcdatamodeld;
			sourceTree = "<group>";
			versionGroupType = wrapper.xcdatamodel;
		};
/* End XCVersionGroup section */
	};
	rootObject = 8E2C109D2831A33200C13BA0 /* Project object */;
}
